
Microsoft Visual Studio Solution File, Format Version 12.00
# Visual Studio Version 17
VisualStudioVersion = 17.1.31911.260
MinimumVisualStudioVersion = 10.0.40219.1
Project("{9A19103F-16F7-4668-BE54-9A1E7A4F7556}") = "Day1Task1", "Day1Task1\Day1Task1.csproj", "{9C693BFA-F663-4613-9E41-6F8A219F4546}"
EndProject
Project("{9A19103F-16F7-4668-BE54-9A1E7A4F7556}") = "Day1Task2", "Day1Task2\Day1Task2.csproj", "{4CC42876-398C-4422-B49C-F3D77EA58820}"
EndProject
Project("{9A19103F-16F7-4668-BE54-9A1E7A4F7556}") = "Day2Task1", "Day2Task1\Day2Task1.csproj", "{06420CB8-4499-4550-B65B-BFCF5A8524B2}"
EndProject
Project("{9A19103F-16F7-4668-BE54-9A1E7A4F7556}") = "Day2Task2", "Day2Task2\Day2Task2.csproj", "{55E613C7-BC1D-4945-9D9F-A6916640797B}"
EndProject
Project("{FAE04EC0-301F-11D3-BF4B-00C04F79EFBC}") = "Helpers", "Helpers\Helpers.csproj", "{9472AA1C-3321-4D1E-BD20-37AEF6990B90}"
EndProject
Global
	GlobalSection(SolutionConfigurationPlatforms) = preSolution
		Debug|Any CPU = Debug|Any CPU
		Release|Any CPU = Release|Any CPU
	EndGlobalSection
	GlobalSection(ProjectConfigurationPlatforms) = postSolution
		{9C693BFA-F663-4613-9E41-6F8A219F4546}.Debug|Any CPU.ActiveCfg = Debug|Any CPU
		{9C693BFA-F663-4613-9E41-6F8A219F4546}.Debug|Any CPU.Build.0 = Debug|Any CPU
		{9C693BFA-F663-4613-9E41-6F8A219F4546}.Release|Any CPU.ActiveCfg = Release|Any CPU
		{9C693BFA-F663-4613-9E41-6F8A219F4546}.Release|Any CPU.Build.0 = Release|Any CPU
		{4CC42876-398C-4422-B49C-F3D77EA58820}.Debug|Any CPU.ActiveCfg = Debug|Any CPU
		{4CC42876-398C-4422-B49C-F3D77EA58820}.Debug|Any CPU.Build.0 = Debug|Any CPU
		{4CC42876-398C-4422-B49C-F3D77EA58820}.Release|Any CPU.ActiveCfg = Release|Any CPU
		{4CC42876-398C-4422-B49C-F3D77EA58820}.Release|Any CPU.Build.0 = Release|Any CPU
		{06420CB8-4499-4550-B65B-BFCF5A8524B2}.Debug|Any CPU.ActiveCfg = Debug|Any CPU
		{06420CB8-4499-4550-B65B-BFCF5A8524B2}.Debug|Any CPU.Build.0 = Debug|Any CPU
		{06420CB8-4499-4550-B65B-BFCF5A8524B2}.Release|Any CPU.ActiveCfg = Release|Any CPU
		{06420CB8-4499-4550-B65B-BFCF5A8524B2}.Release|Any CPU.Build.0 = Release|Any CPU
		{55E613C7-BC1D-4945-9D9F-A6916640797B}.Debug|Any CPU.ActiveCfg = Debug|Any CPU
		{55E613C7-BC1D-4945-9D9F-A6916640797B}.Debug|Any CPU.Build.0 = Debug|Any CPU
		{55E613C7-BC1D-4945-9D9F-A6916640797B}.Release|Any CPU.ActiveCfg = Release|Any CPU
		{55E613C7-BC1D-4945-9D9F-A6916640797B}.Release|Any CPU.Build.0 = Release|Any CPU
		{9472AA1C-3321-4D1E-BD20-37AEF6990B90}.Debug|Any CPU.ActiveCfg = Debug|Any CPU
		{9472AA1C-3321-4D1E-BD20-37AEF6990B90}.Debug|Any CPU.Build.0 = Debug|Any CPU
		{9472AA1C-3321-4D1E-BD20-37AEF6990B90}.Release|Any CPU.ActiveCfg = Release|Any CPU
		{9472AA1C-3321-4D1E-BD20-37AEF6990B90}.Release|Any CPU.Build.0 = Release|Any CPU
	EndGlobalSection
	GlobalSection(SolutionProperties) = preSolution
		HideSolutionNode = FALSE
	EndGlobalSection
	GlobalSection(ExtensibilityGlobals) = postSolution
		SolutionGuid = {1A23CF75-520E-46D8-AA86-80657C1DCDB3}
	EndGlobalSection
EndGlobal
